{
  "name": "dutchauction",
  "version": "1.0.0",
  "lockfileVersion": 1,
  "requires": true,
  "dependencies": {
    "@openzeppelin/contracts-upgradeable": {
      "version": "4.3.3",
      "resolved": "https://registry.npmjs.org/@openzeppelin/contracts-upgradeable/-/contracts-upgradeable-4.3.3.tgz",
      "integrity": "sha512-2ELsJkBQ0xirVQnx0utl3N+/iTPF+S0r3j0IVQIMG0HgAWreFXumY+yhGcwSV5JZ/yNNAXWR4mjIYRH/FEgu2Q=="
    }
  }
}
